// !$*UTF8*$!
{
	archiveVersion = 1;
	classes = {
	};
	objectVersion = 46;
	objects = {

/* Begin PBXBuildFile section */
		06C19FDD1AA9DB8D0050E382 /* AppDelegate.swift in Sources */ = {isa = PBXBuildFile; fileRef = 06C19FDC1AA9DB8D0050E382 /* AppDelegate.swift */; };
		06C19FE21AA9DB8D0050E382 /* Main.storyboard in Resources */ = {isa = PBXBuildFile; fileRef = 06C19FE01AA9DB8D0050E382 /* Main.storyboard */; };
		06C19FE41AA9DB8D0050E382 /* Images.xcassets in Resources */ = {isa = PBXBuildFile; fileRef = 06C19FE31AA9DB8D0050E382 /* Images.xcassets */; };
		06C19FE71AA9DB8D0050E382 /* LaunchScreen.xib in Resources */ = {isa = PBXBuildFile; fileRef = 06C19FE51AA9DB8D0050E382 /* LaunchScreen.xib */; };
		06C19FF31AA9DB8D0050E382 /* StackedBarChartTests.swift in Sources */ = {isa = PBXBuildFile; fileRef = 06C19FF21AA9DB8D0050E382 /* StackedBarChartTests.swift */; };
		06C19FFD1AA9DBF90050E382 /* StackedBarChart.swift in Sources */ = {isa = PBXBuildFile; fileRef = 06C19FFC1AA9DBF90050E382 /* StackedBarChart.swift */; };
		06C19FFF1AA9DC2A0050E382 /* TableViewController.swift in Sources */ = {isa = PBXBuildFile; fileRef = 06C19FFE1AA9DC2A0050E382 /* TableViewController.swift */; };
/* End PBXBuildFile section */

/* Begin PBXContainerItemProxy section */
		06C19FED1AA9DB8D0050E382 /* PBXContainerItemProxy */ = {
			isa = PBXContainerItemProxy;
			containerPortal = 06C19FCF1AA9DB8D0050E382 /* Project object */;
			proxyType = 1;
			remoteGlobalIDString = 06C19FD61AA9DB8D0050E382;
			remoteInfo = StackedBarChart;
		};
/* End PBXContainerItemProxy section */

/* Begin PBXFileReference section */
		06C19FD71AA9DB8D0050E382 /* StackedBarChart.app */ = {isa = PBXFileReference; explicitFileType = wrapper.application; includeInIndex = 0; path = StackedBarChart.app; sourceTree = BUILT_PRODUCTS_DIR; };
		06C19FDB1AA9DB8D0050E382 /* Info.plist */ = {isa = PBXFileReference; lastKnownFileType = text.plist.xml; path = Info.plist; sourceTree = "<group>"; };
		06C19FDC1AA9DB8D0050E382 /* AppDelegate.swift */ = {isa = PBXFileReference; lastKnownFileType = sourcecode.swift; path = AppDelegate.swift; sourceTree = "<group>"; };
		06C19FE11AA9DB8D0050E382 /* Base */ = {isa = PBXFileReference; lastKnownFileType = file.storyboard; name = Base; path = Base.lproj/Main.storyboard; sourceTree = "<group>"; };
		06C19FE31AA9DB8D0050E382 /* Images.xcassets */ = {isa = PBXFileReference; lastKnownFileType = folder.assetcatalog; path = Images.xcassets; sourceTree = "<group>"; };
		06C19FE61AA9DB8D0050E382 /* Base */ = {isa = PBXFileReference; lastKnownFileType = file.xib; name = Base; path = Base.lproj/LaunchScreen.xib; sourceTree = "<group>"; };
		06C19FEC1AA9DB8D0050E382 /* StackedBarChartTests.xctest */ = {isa = PBXFileReference; explicitFileType = wrapper.cfbundle; includeInIndex = 0; path = StackedBarChartTests.xctest; sourceTree = BUILT_PRODUCTS_DIR; };
		06C19FF11AA9DB8D0050E382 /* Info.plist */ = {isa = PBXFileReference; lastKnownFileType = text.plist.xml; path = Info.plist; sourceTree = "<group>"; };
		06C19FF21AA9DB8D0050E382 /* StackedBarChartTests.swift */ = {isa = PBXFileReference; lastKnownFileType = sourcecode.swift; path = StackedBarChartTests.swift; sourceTree = "<group>"; };
		06C19FFC1AA9DBF90050E382 /* StackedBarChart.swift */ = {isa = PBXFileReference; fileEncoding = 4; lastKnownFileType = sourcecode.swift; path = StackedBarChart.swift; sourceTree = "<group>"; };
		06C19FFE1AA9DC2A0050E382 /* TableViewController.swift */ = {isa = PBXFileReference; fileEncoding = 4; lastKnownFileType = sourcecode.swift; path = TableViewController.swift; sourceTree = "<group>"; };
/* End PBXFileReference section */

/* Begin PBXFrameworksBuildPhase section */
		06C19FD41AA9DB8D0050E382 /* Frameworks */ = {
			isa = PBXFrameworksBuildPhase;
			buildActionMask = 2147483647;
			files = (
			);
			runOnlyForDeploymentPostprocessing = 0;
		};
		06C19FE91AA9DB8D0050E382 /* Frameworks */ = {
			isa = PBXFrameworksBuildPhase;
			buildActionMask = 2147483647;
			files = (
			);
			runOnlyForDeploymentPostprocessing = 0;
		};
/* End PBXFrameworksBuildPhase section */

/* Begin PBXGroup section */
		06C19FCE1AA9DB8D0050E382 = {
			isa = PBXGroup;
			children = (
				06C19FD91AA9DB8D0050E382 /* StackedBarChart */,
				06C19FEF1AA9DB8D0050E382 /* StackedBarChartTests */,
				06C19FD81AA9DB8D0050E382 /* Products */,
			);
			sourceTree = "<group>";
		};
		06C19FD81AA9DB8D0050E382 /* Products */ = {
			isa = PBXGroup;
			children = (
				06C19FD71AA9DB8D0050E382 /* StackedBarChart.app */,
				06C19FEC1AA9DB8D0050E382 /* StackedBarChartTests.xctest */,
			);
			name = Products;
			sourceTree = "<group>";
		};
		06C19FD91AA9DB8D0050E382 /* StackedBarChart */ = {
			isa = PBXGroup;
			children = (
				06C19FDC1AA9DB8D0050E382 /* AppDelegate.swift */,
				06C19FFC1AA9DBF90050E382 /* StackedBarChart.swift */,
				06C19FFE1AA9DC2A0050E382 /* TableViewController.swift */,
				06C19FE01AA9DB8D0050E382 /* Main.storyboard */,
				06C19FE31AA9DB8D0050E382 /* Images.xcassets */,
				06C19FE51AA9DB8D0050E382 /* LaunchScreen.xib */,
				06C19FDA1AA9DB8D0050E382 /* Supporting Files */,
			);
			path = StackedBarChart;
			sourceTree = "<group>";
		};
		06C19FDA1AA9DB8D0050E382 /* Supporting Files */ = {
			isa = PBXGroup;
			children = (
				06C19FDB1AA9DB8D0050E382 /* Info.plist */,
			);
			name = "Supporting Files";
			sourceTree = "<group>";
		};
		06C19FEF1AA9DB8D0050E382 /* StackedBarChartTests */ = {
			isa = PBXGroup;
			children = (
				06C19FF21AA9DB8D0050E382 /* StackedBarChartTests.swift */,
				06C19FF01AA9DB8D0050E382 /* Supporting Files */,
			);
			path = StackedBarChartTests;
			sourceTree = "<group>";
		};
		06C19FF01AA9DB8D0050E382 /* Supporting Files */ = {
			isa = PBXGroup;
			children = (
				06C19FF11AA9DB8D0050E382 /* Info.plist */,
			);
			name = "Supporting Files";
			sourceTree = "<group>";
		};
/* End PBXGroup section */

/* Begin PBXNativeTarget section */
		06C19FD61AA9DB8D0050E382 /* StackedBarChart */ = {
			isa = PBXNativeTarget;
			buildConfigurationList = 06C19FF61AA9DB8D0050E382 /* Build configuration list for PBXNativeTarget "StackedBarChart" */;
			buildPhases = (
				06C19FD31AA9DB8D0050E382 /* Sources */,
				06C19FD41AA9DB8D0050E382 /* Frameworks */,
				06C19FD51AA9DB8D0050E382 /* Resources */,
			);
			buildRules = (
			);
			dependencies = (
			);
			name = StackedBarChart;
			productName = StackedBarChart;
			productReference = 06C19FD71AA9DB8D0050E382 /* StackedBarChart.app */;
			productType = "com.apple.product-type.application";
		};
		06C19FEB1AA9DB8D0050E382 /* StackedBarChartTests */ = {
			isa = PBXNativeTarget;
			buildConfigurationList = 06C19FF91AA9DB8D0050E382 /* Build configuration list for PBXNativeTarget "StackedBarChartTests" */;
			buildPhases = (
				06C19FE81AA9DB8D0050E382 /* Sources */,
				06C19FE91AA9DB8D0050E382 /* Frameworks */,
				06C19FEA1AA9DB8D0050E382 /* Resources */,
			);
			buildRules = (
			);
			dependencies = (
				06C19FEE1AA9DB8D0050E382 /* PBXTargetDependency */,
			);
			name = StackedBarChartTests;
			productName = StackedBarChartTests;
			productReference = 06C19FEC1AA9DB8D0050E382 /* StackedBarChartTests.xctest */;
			productType = "com.apple.product-type.bundle.unit-test";
		};
/* End PBXNativeTarget section */

/* Begin PBXProject section */
		06C19FCF1AA9DB8D0050E382 /* Project object */ = {
			isa = PBXProject;
			attributes = {
				LastUpgradeCheck = 0610;
				ORGANIZATIONNAME = Chromo;
				TargetAttributes = {
					06C19FD61AA9DB8D0050E382 = {
						CreatedOnToolsVersion = 6.1.1;
					};
					06C19FEB1AA9DB8D0050E382 = {
						CreatedOnToolsVersion = 6.1.1;
						TestTargetID = 06C19FD61AA9DB8D0050E382;
					};
				};
			};
			buildConfigurationList = 06C19FD21AA9DB8D0050E382 /* Build configuration list for PBXProject "StackedBarChart" */;
			compatibilityVersion = "Xcode 3.2";
			developmentRegion = English;
			hasScannedForEncodings = 0;
			knownRegions = (
				en,
				Base,
			);
			mainGroup = 06C19FCE1AA9DB8D0050E382;
			productRefGroup = 06C19FD81AA9DB8D0050E382 /* Products */;
			projectDirPath = "";
			projectRoot = "";
			targets = (
				06C19FD61AA9DB8D0050E382 /* StackedBarChart */,
				06C19FEB1AA9DB8D0050E382 /* StackedBarChartTests */,
			);
		};
/* End PBXProject section */

/* Begin PBXResourcesBuildPhase section */
		06C19FD51AA9DB8D0050E382 /* Resources */ = {
			isa = PBXResourcesBuildPhase;
			buildActionMask = 2147483647;
			files = (
				06C19FE21AA9DB8D0050E382 /* Main.storyboard in Resources */,
				06C19FE71AA9DB8D0050E382 /* LaunchScreen.xib in Resources */,
				06C19FE41AA9DB8D0050E382 /* Images.xcassets in Resources */,
			);
			runOnlyForDeploymentPostprocessing = 0;
		};
		06C19FEA1AA9DB8D0050E382 /* Resources */ = {
			isa = PBXResourcesBuildPhase;
			buildActionMask = 2147483647;
			files = (
			);
			runOnlyForDeploymentPostprocessing = 0;
		};
/* End PBXResourcesBuildPhase section */

/* Begin PBXSourcesBuildPhase section */
		06C19FD31AA9DB8D0050E382 /* Sources */ = {
			isa = PBXSourcesBuildPhase;
			buildActionMask = 2147483647;
			files = (
				06C19FFD1AA9DBF90050E382 /* StackedBarChart.swift in Sources */,
				06C19FFF1AA9DC2A0050E382 /* TableViewController.swift in Sources */,
				06C19FDD1AA9DB8D0050E382 /* AppDelegate.swift in Sources */,
			);
			runOnlyForDeploymentPostprocessing = 0;
		};
		06C19FE81AA9DB8D0050E382 /* Sources */ = {
			isa = PBXSourcesBuildPhase;
			buildActionMask = 2147483647;
			files = (
				06C19FF31AA9DB8D0050E382 /* StackedBarChartTests.swift in Sources */,
			);
			runOnlyForDeploymentPostprocessing = 0;
		};
/* End PBXSourcesBuildPhase section */

/* Begin PBXTargetDependency section */
		06C19FEE1AA9DB8D0050E382 /* PBXTargetDependency */ = {
			isa = PBXTargetDependency;
			target = 06C19FD61AA9DB8D0050E382 /* StackedBarChart */;
			targetProxy = 06C19FED1AA9DB8D0050E382 /* PBXContainerItemProxy */;
		};
/* End PBXTargetDependency section */

/* Begin PBXVariantGroup section */
		06C19FE01AA9DB8D0050E382 /* Main.storyboard */ = {
			isa = PBXVariantGroup;
			children = (
				06C19FE11AA9DB8D0050E382 /* Base */,
			);
			name = Main.storyboard;
			sourceTree = "<group>";
		};
		06C19FE51AA9DB8D0050E382 /* LaunchScreen.xib */ = {
			isa = PBXVariantGroup;
			children = (
				06C19FE61AA9DB8D0050E382 /* Base */,
			);
			name = LaunchScreen.xib;
			sourceTree = "<group>";
		};
/* End PBXVariantGroup section */

/* Begin XCBuildConfiguration section */
		06C19FF41AA9DB8D0050E382 /* Debug */ = {
			isa = XCBuildConfiguration;
			buildSettings = {
				ALWAYS_SEARCH_USER_PATHS = NO;
				CLANG_CXX_LANGUAGE_STANDARD = "gnu++0x";
				CLANG_CXX_LIBRARY = "libc++";
				CLANG_ENABLE_MODULES = YES;
				CLANG_ENABLE_OBJC_ARC = YES;
				CLANG_WARN_BOOL_CONVERSION = YES;
				CLANG_WARN_CONSTANT_CONVERSION = YES;
				CLANG_WARN_DIRECT_OBJC_ISA_USAGE = YES_ERROR;
				CLANG_WARN_EMPTY_BODY = YES;
				CLANG_WARN_ENUM_CONVERSION = YES;
				CLANG_WARN_INT_CONVERSION = YES;
				CLANG_WARN_OBJC_ROOT_CLASS = YES_ERROR;
				CLANG_WARN_UNREACHABLE_CODE = YES;
				CLANG_WARN__DUPLICATE_METHOD_MATCH = YES;
				"CODE_SIGN_IDENTITY[sdk=iphoneos*]" = "iPhone Developer";
				COPY_PHASE_STRIP = NO;
				ENABLE_STRICT_OBJC_MSGSEND = YES;
				GCC_C_LANGUAGE_STANDARD = gnu99;
				GCC_DYNAMIC_NO_PIC = NO;
				GCC_OPTIMIZATION_LEVEL = 0;
				GCC_PREPROCESSOR_DEFINITIONS = (
					"DEBUG=1",
					"$(inherited)",
				);
				GCC_SYMBOLS_PRIVATE_EXTERN = NO;
				GCC_WARN_64_TO_32_BIT_CONVERSION = YES;
				GCC_WARN_ABOUT_RETURN_TYPE = YES_ERROR;
				GCC_WARN_UNDECLARED_SELECTOR = YES;
				GCC_WARN_UNINITIALIZED_AUTOS = YES_AGGRESSIVE;
				GCC_WARN_UNUSED_FUNCTION = YES;
				GCC_WARN_UNUSED_VARIABLE = YES;
				IPHONEOS_DEPLOYMENT_TARGET = 8.1;
				MTL_ENABLE_DEBUG_INFO = YES;
				ONLY_ACTIVE_ARCH = YES;
				SDKROOT = iphoneos;
				SWIFT_OPTIMIZATION_LEVEL = "-Onone";
			};
			name = Debug;
		};
		06C19FF51AA9DB8D0050E382 /* Release */ = {
			isa = XCBuildConfiguration;
			buildSettings = {
				ALWAYS_SEARCH_USER_PATHS = NO;
				CLANG_CXX_LANGUAGE_STANDARD = "gnu++0x";
				CLANG_CXX_LIBRARY = "libc++";
				CLANG_ENABLE_MODULES = YES;
				CLANG_ENABLE_OBJC_ARC = YES;
				CLANG_WARN_BOOL_CONVERSION = YES;
				CLANG_WARN_CONSTANT_CONVERSION = YES;
				CLANG_WARN_DIRECT_OBJC_ISA_USAGE = YES_ERROR;
				CLANG_WARN_EMPTY_BODY = YES;
				CLANG_WARN_ENUM_CONVERSION = YES;
				CLANG_WARN_INT_CONVERSION = YES;
				CLANG_WARN_OBJC_ROOT_CLASS = YES_ERROR;
				CLANG_WARN_UNREACHABLE_CODE = YES;
				CLANG_WARN__DUPLICATE_METHOD_MATCH = YES;
				"CODE_SIGN_IDENTITY[sdk=iphoneos*]" = "iPhone Developer";
				COPY_PHASE_STRIP = YES;
				ENABLE_NS_ASSERTIONS = NO;
				ENABLE_STRICT_OBJC_MSGSEND = YES;
				GCC_C_LANGUAGE_STANDARD = gnu99;
				GCC_WARN_64_TO_32_BIT_CONVERSION = YES;
				GCC_WARN_ABOUT_RETURN_TYPE = YES_ERROR;
				GCC_WARN_UNDECLARED_SELECTOR = YES;
				GCC_WARN_UNINITIALIZED_AUTOS = YES_AGGRESSIVE;
				GCC_WARN_UNUSED_FUNCTION = YES;
				GCC_WARN_UNUSED_VARIABLE = YES;
				IPHONEOS_DEPLOYMENT_TARGET = 8.1;
				MTL_ENABLE_DEBUG_INFO = NO;
				SDKROOT = iphoneos;
				VALIDATE_PRODUCT = YES;
			};
			name = Release;
		};
		06C19FF71AA9DB8D0050E382 /* Debug */ = {
			isa = XCBuildConfiguration;
			buildSettings = {
				ASSETCATALOG_COMPILER_APPICON_NAME = AppIcon;
				INFOPLIST_FILE = StackedBarChart/Info.plist;
				LD_RUNPATH_SEARCH_PATHS = "$(inherited) @executable_path/Frameworks";
				PRODUCT_NAME = "$(TARGET_NAME)";
			};
			name = Debug;
		};
		06C19FF81AA9DB8D0050E382 /* Release */ = {
			isa = XCBuildConfiguration;
			buildSettings = {
				ASSETCATALOG_COMPILER_APPICON_NAME = AppIcon;
				INFOPLIST_FILE = StackedBarChart/Info.plist;
				LD_RUNPATH_SEARCH_PATHS = "$(inherited) @executable_path/Frameworks";
				PRODUCT_NAME = "$(TARGET_NAME)";
			};
			name = Release;
		};
		06C19FFA1AA9DB8D0050E382 /* Debug */ = {
			isa = XCBuildConfiguration;
			buildSettings = {
				BUNDLE_LOADER = "$(TEST_HOST)";
				FRAMEWORK_SEARCH_PATHS = (
					"$(SDKROOT)/Developer/Library/Frameworks",
					"$(inherited)",
				);
				GCC_PREPROCESSOR_DEFINITIONS = (
					"DEBUG=1",
					"$(inherited)",
				);
				INFOPLIST_FILE = StackedBarChartTests/Info.plist;
				LD_RUNPATH_SEARCH_PATHS = "$(inherited) @executable_path/Frameworks @loader_path/Frameworks";
				PRODUCT_NAME = "$(TARGET_NAME)";
				TEST_HOST = "$(BUILT_PRODUCTS_DIR)/StackedBarChart.app/StackedBarChart";
			};
			name = Debug;
		};
		06C19FFB1AA9DB8D0050E382 /* Release */ = {
			isa = XCBuildConfiguration;
			buildSettings = {
				BUNDLE_LOADER = "$(TEST_HOST)";
				FRAMEWORK_SEARCH_PATHS = (
					"$(SDKROOT)/Developer/Library/Frameworks",
					"$(inherited)",
				);
				INFOPLIST_FILE = StackedBarChartTests/Info.plist;
				LD_RUNPATH_SEARCH_PATHS = "$(inherited) @executable_path/Frameworks @loader_path/Frameworks";
				PRODUCT_NAME = "$(TARGET_NAME)";
				TEST_HOST = "$(BUILT_PRODUCTS_DIR)/StackedBarChart.app/StackedBarChart";
			};
			name = Release;
		};
/* End XCBuildConfiguration section */

/* Begin XCConfigurationList section */
		06C19FD21AA9DB8D0050E382 /* Build configuration list for PBXProject "StackedBarChart" */ = {
			isa = XCConfigurationList;
			buildConfigurations = (
				06C19FF41AA9DB8D0050E382 /* Debug */,
				06C19FF51AA9DB8D0050E382 /* Release */,
			);
			defaultConfigurationIsVisible = 0;
			defaultConfigurationName = Release;
		};
		06C19FF61AA9DB8D0050E382 /* Build configuration list for PBXNativeTarget "StackedBarChart" */ = {
			isa = XCConfigurationList;
			buildConfigurations = (
				06C19FF71AA9DB8D0050E382 /* Debug */,
				06C19FF81AA9DB8D0050E382 /* Release */,
			);
			defaultConfigurationIsVisible = 0;
		};
		06C19FF91AA9DB8D0050E382 /* Build configuration list for PBXNativeTarget "StackedBarChartTests" */ = {
			isa = XCConfigurationList;
			buildConfigurations = (
				06C19FFA1AA9DB8D0050E382 /* Debug */,
				06C19FFB1AA9DB8D0050E382 /* Release */,
			);
			defaultConfigurationIsVisible = 0;
		};
/* End XCConfigurationList section */
	};
	rootObject = 06C19FCF1AA9DB8D0050E382 /* Project object */;
}
